
Microsoft Visual Studio Solution File, Format Version 12.00
# Visual Studio Version 16
VisualStudioVersion = 16.0.33801.447
MinimumVisualStudioVersion = 10.0.40219.1
Project("{FAE04EC0-301F-11D3-BF4B-00C04F79EFBC}") = "BSAS_20170810", "BSAS_20170810\BSAS_20170810.csproj", "{F10D0BDB-F1F3-4478-BBDC-D472A2095DAB}"
EndProject
Project("{FAE04EC0-301F-11D3-BF4B-00C04F79EFBC}") = "BSAS_20170810.Tests", "BSAS_20170810.Tests\BSAS_20170810.Tests.csproj", "{0BA630A9-FD51-480F-BCD5-B5EEB17FD918}"
EndProject
Global
	GlobalSection(SolutionConfigurationPlatforms) = preSolution
		Debug|Any CPU = Debug|Any CPU
		Release|Any CPU = Release|Any CPU
	EndGlobalSection
	GlobalSection(ProjectConfigurationPlatforms) = postSolution
		{F10D0BDB-F1F3-4478-BBDC-D472A2095DAB}.Debug|Any CPU.ActiveCfg = Debug|Any CPU
		{F10D0BDB-F1F3-4478-BBDC-D472A2095DAB}.Debug|Any CPU.Build.0 = Debug|Any CPU
		{F10D0BDB-F1F3-4478-BBDC-D472A2095DAB}.Release|Any CPU.ActiveCfg = Release|Any CPU
		{F10D0BDB-F1F3-4478-BBDC-D472A2095DAB}.Release|Any CPU.Build.0 = Release|Any CPU
		{0BA630A9-FD51-480F-BCD5-B5EEB17FD918}.Debug|Any CPU.ActiveCfg = Debug|Any CPU
		{0BA630A9-FD51-480F-BCD5-B5EEB17FD918}.Debug|Any CPU.Build.0 = Debug|Any CPU
		{0BA630A9-FD51-480F-BCD5-B5EEB17FD918}.Release|Any CPU.ActiveCfg = Release|Any CPU
		{0BA630A9-FD51-480F-BCD5-B5EEB17FD918}.Release|Any CPU.Build.0 = Release|Any CPU
	EndGlobalSection
	GlobalSection(SolutionProperties) = preSolution
		HideSolutionNode = FALSE
	EndGlobalSection
	GlobalSection(ExtensibilityGlobals) = postSolution
		SolutionGuid = {F732540D-7F74-4BC4-A124-3B94F3CFF45D}
	EndGlobalSection
EndGlobal
